
Microsoft Visual Studio Solution File, Format Version 11.00
# Visual Studio 2010
Project("{FAE04EC0-301F-11D3-BF4B-00C04F79EFBC}") = "sumi-mase(박재성,한민성)", "Assembly-CSharp.csproj", "{FD77C3DE-CEB9-7422-7094-F3F3C16F5239}"
EndProject
Global
	GlobalSection(SolutionConfigurationPlatforms) = preSolution
		Debug|Any CPU = Debug|Any CPU
		Release|Any CPU = Release|Any CPU
	EndGlobalSection
	GlobalSection(ProjectConfigurationPlatforms) = postSolution
		{FD77C3DE-CEB9-7422-7094-F3F3C16F5239}.Debug|Any CPU.ActiveCfg = Debug|Any CPU
		{FD77C3DE-CEB9-7422-7094-F3F3C16F5239}.Debug|Any CPU.Build.0 = Debug|Any CPU
		{FD77C3DE-CEB9-7422-7094-F3F3C16F5239}.Release|Any CPU.ActiveCfg = Release|Any CPU
		{FD77C3DE-CEB9-7422-7094-F3F3C16F5239}.Release|Any CPU.Build.0 = Release|Any CPU
	EndGlobalSection
	GlobalSection(SolutionProperties) = preSolution
		HideSolutionNode = FALSE
	EndGlobalSection
	GlobalSection(MonoDevelopProperties) = preSolution
		StartupItem = Assembly-CSharp.csproj
	EndGlobalSection
EndGlobal
